// !$*UTF8*$!
{
	archiveVersion = 1;
	classes = {
	};
	objectVersion = 56;
	objects = {

/* Begin PBXBuildFile section */
		3171604C2D3EB26900AA8E0E /* WelcomeView.swift in Sources */ = {isa = PBXBuildFile; fileRef = 3171604B2D3EB26900AA8E0E /* WelcomeView.swift */; };
		3196FE352D43D5620039775F /* DemographicsFinalView.swift in Sources */ = {isa = PBXBuildFile; fileRef = 3196FE342D43D5620039775F /* DemographicsFinalView.swift */; };
		31F074AD2D026F8000D0AA23 /* MeditationStartView.swift in Sources */ = {isa = PBXBuildFile; fileRef = 31F074AA2D026F8000D0AA23 /* MeditationStartView.swift */; };
		31F074AE2D026F8000D0AA23 /* MeditationAudioView.swift in Sources */ = {isa = PBXBuildFile; fileRef = 31F074A92D026F8000D0AA23 /* MeditationAudioView.swift */; };
		31F074AF2D026F8000D0AA23 /* AudioPlayerViewModel.swift in Sources */ = {isa = PBXBuildFile; fileRef = 31F074A82D026F8000D0AA23 /* AudioPlayerViewModel.swift */; };
		31F074B22D02758C00D0AA23 /* MeditationEndView.swift in Sources */ = {isa = PBXBuildFile; fileRef = 31F074B12D02758C00D0AA23 /* MeditationEndView.swift */; };
		31F074B42D03190400D0AA23 /* meditation_audio.mp3 in Resources */ = {isa = PBXBuildFile; fileRef = 31F074B32D03190400D0AA23 /* meditation_audio.mp3 */; };
		31F571C62D10550A005A0579 /* MeditationStrings.swift in Sources */ = {isa = PBXBuildFile; fileRef = 31F571C52D10550A005A0579 /* MeditationStrings.swift */; };
		31F571C82D10568E005A0579 /* MeditationCloudsView.swift in Sources */ = {isa = PBXBuildFile; fileRef = 31F571C72D10568E005A0579 /* MeditationCloudsView.swift */; };
		31FA10E12D3A8BFE00BA9C61 /* OnboardingView.swift in Sources */ = {isa = PBXBuildFile; fileRef = 31FA10E02D3A8BFE00BA9C61 /* OnboardingView.swift */; };
		8DD8CD162CFD0B010058CF4B /* IDP_lets_goApp.swift in Sources */ = {isa = PBXBuildFile; fileRef = 8DD8CD152CFD0B010058CF4B /* IDP_lets_goApp.swift */; };
		8DD8CD182CFD0B010058CF4B /* ContentView.swift in Sources */ = {isa = PBXBuildFile; fileRef = 8DD8CD172CFD0B010058CF4B /* ContentView.swift */; };
		8DD8CD1A2CFD0B030058CF4B /* Assets.xcassets in Resources */ = {isa = PBXBuildFile; fileRef = 8DD8CD192CFD0B030058CF4B /* Assets.xcassets */; };
		8DD8CD1D2CFD0B030058CF4B /* Preview Assets.xcassets in Resources */ = {isa = PBXBuildFile; fileRef = 8DD8CD1C2CFD0B030058CF4B /* Preview Assets.xcassets */; };
		8DD8CD252D1019C40058CF4B /* DemographicQuestionView.swift in Sources */ = {isa = PBXBuildFile; fileRef = 8DD8CD242D1019C40058CF4B /* DemographicQuestionView.swift */; };
		8DD8CD2A2D101B9D0058CF4B /* Fonts.swift in Sources */ = {isa = PBXBuildFile; fileRef = 8DD8CD292D101B9D0058CF4B /* Fonts.swift */; };
		8DD8CD2D2D101D300058CF4B /* RoundedButtonStyle.swift in Sources */ = {isa = PBXBuildFile; fileRef = 8DD8CD2C2D101D300058CF4B /* RoundedButtonStyle.swift */; };
		8DD8CD2F2D101DD30058CF4B /* Colors.swift in Sources */ = {isa = PBXBuildFile; fileRef = 8DD8CD2E2D101DD30058CF4B /* Colors.swift */; };
		8DD8CD322D1023030058CF4B /* Coordinator.swift in Sources */ = {isa = PBXBuildFile; fileRef = 8DD8CD312D1023030058CF4B /* Coordinator.swift */; };
		8DD8CD392D1027910058CF4B /* BirthdateQuestionView.swift in Sources */ = {isa = PBXBuildFile; fileRef = 8DD8CD382D1027910058CF4B /* BirthdateQuestionView.swift */; };
		8DD8CD3F2D117D050058CF4B /* StringPickerView.swift in Sources */ = {isa = PBXBuildFile; fileRef = 8DD8CD3E2D117D050058CF4B /* StringPickerView.swift */; };
		8DD8CD412D1184230058CF4B /* Constants.swift in Sources */ = {isa = PBXBuildFile; fileRef = 8DD8CD402D1184230058CF4B /* Constants.swift */; };
		8DD8CD452D1187E70058CF4B /* audio_cut.m4a in Resources */ = {isa = PBXBuildFile; fileRef = 8DD8CD442D1187E70058CF4B /* audio_cut.m4a */; };
		8DD8CD4A2D1C837F0058CF4B /* OverviewPageView.swift in Sources */ = {isa = PBXBuildFile; fileRef = 8DD8CD492D1C837F0058CF4B /* OverviewPageView.swift */; };
		8DD8CD4C2D1C8FF30058CF4B /* OverviewCardView.swift in Sources */ = {isa = PBXBuildFile; fileRef = 8DD8CD4B2D1C8FF30058CF4B /* OverviewCardView.swift */; };
		8DD8CD4E2D1C91620058CF4B /* OverviewPageControlView.swift in Sources */ = {isa = PBXBuildFile; fileRef = 8DD8CD4D2D1C91620058CF4B /* OverviewPageControlView.swift */; };
		8DD8CD522D1C98F10058CF4B /* Card.swift in Sources */ = {isa = PBXBuildFile; fileRef = 8DD8CD512D1C98F10058CF4B /* Card.swift */; };
		8DD8CD542D1C9A990058CF4B /* OverviewConstants.swift in Sources */ = {isa = PBXBuildFile; fileRef = 8DD8CD532D1C9A990058CF4B /* OverviewConstants.swift */; };
		8DD8CD572D1D904A0058CF4B /* ConsentView.swift in Sources */ = {isa = PBXBuildFile; fileRef = 8DD8CD562D1D904A0058CF4B /* ConsentView.swift */; };
		8DD8CD592D1D94450058CF4B /* Consent.swift in Sources */ = {isa = PBXBuildFile; fileRef = 8DD8CD582D1D94450058CF4B /* Consent.swift */; };
		8DD8CD5B2D1D9A6D0058CF4B /* String.swift in Sources */ = {isa = PBXBuildFile; fileRef = 8DD8CD5A2D1D9A6D0058CF4B /* String.swift */; };
		8DD8CD7A2D35A16A0058CF4B /* Classes.swift in Sources */ = {isa = PBXBuildFile; fileRef = 8DD8CD792D35A16A0058CF4B /* Classes.swift */; };
		8DD8CD7D2D35A2D60058CF4B /* TestFields.swift in Sources */ = {isa = PBXBuildFile; fileRef = 8DD8CD7B2D35A2D60058CF4B /* TestFields.swift */; };
		8DD8CD7F2D35AB270058CF4B /* FinalView.swift in Sources */ = {isa = PBXBuildFile; fileRef = 8DD8CD7E2D35AB270058CF4B /* FinalView.swift */; };
		8DD8CD812D380B480058CF4B /* TestModel.swift in Sources */ = {isa = PBXBuildFile; fileRef = 8DD8CD802D380B480058CF4B /* TestModel.swift */; };
		8DD8CD842D3AB6110058CF4B /* Requests.swift in Sources */ = {isa = PBXBuildFile; fileRef = 8DD8CD832D3AB6110058CF4B /* Requests.swift */; };
		8DD8CD862D3AB9900058CF4B /* User.swift in Sources */ = {isa = PBXBuildFile; fileRef = 8DD8CD852D3AB9900058CF4B /* User.swift */; };
		8DD8CD882D3ABC840058CF4B /* Date.swift in Sources */ = {isa = PBXBuildFile; fileRef = 8DD8CD872D3ABC840058CF4B /* Date.swift */; };
		8DD8CD8D2D4429BE0058CF4B /* UserStatus.swift in Sources */ = {isa = PBXBuildFile; fileRef = 8DD8CD8C2D4429BE0058CF4B /* UserStatus.swift */; };
		8DD8CD8F2D442A9A0058CF4B /* UserDefaultsManager.swift in Sources */ = {isa = PBXBuildFile; fileRef = 8DD8CD8E2D442A9A0058CF4B /* UserDefaultsManager.swift */; };
		8DD8CD912D442C0E0058CF4B /* UserStatusManager.swift in Sources */ = {isa = PBXBuildFile; fileRef = 8DD8CD902D442C0E0058CF4B /* UserStatusManager.swift */; };
		8DD8CD932D496DF90058CF4B /* Screen.swift in Sources */ = {isa = PBXBuildFile; fileRef = 8DD8CD922D496DF90058CF4B /* Screen.swift */; };
		8DD8CD952D4FE8C30058CF4B /* DemographicsWrapperView.swift in Sources */ = {isa = PBXBuildFile; fileRef = 8DD8CD942D4FE8C30058CF4B /* DemographicsWrapperView.swift */; };
		8DD8CD972D4FF9EE0058CF4B /* StepProgressView.swift in Sources */ = {isa = PBXBuildFile; fileRef = 8DD8CD962D4FF9EE0058CF4B /* StepProgressView.swift */; };
		8DD8CD992D53F63A0058CF4B /* Occupation.swift in Sources */ = {isa = PBXBuildFile; fileRef = 8DD8CD982D53F63A0058CF4B /* Occupation.swift */; };
		8DD8CD9B2D53F6EA0058CF4B /* Gender.swift in Sources */ = {isa = PBXBuildFile; fileRef = 8DD8CD9A2D53F6EA0058CF4B /* Gender.swift */; };
		8DD8CD9D2D53F70B0058CF4B /* Education.swift in Sources */ = {isa = PBXBuildFile; fileRef = 8DD8CD9C2D53F70B0058CF4B /* Education.swift */; };
		8DD8CD9F2D53F71A0058CF4B /* Birthdate.swift in Sources */ = {isa = PBXBuildFile; fileRef = 8DD8CD9E2D53F71A0058CF4B /* Birthdate.swift */; };
		8DD8CDA12D53F7420058CF4B /* DemographicQuestion.swift in Sources */ = {isa = PBXBuildFile; fileRef = 8DD8CDA02D53F7420058CF4B /* DemographicQuestion.swift */; };
		8DD8CDA32D53F7FA0058CF4B /* Race.swift in Sources */ = {isa = PBXBuildFile; fileRef = 8DD8CDA22D53F7FA0058CF4B /* Race.swift */; };
		F9A10FB22D2F12D800962DFF /* TestInformationView.swift in Sources */ = {isa = PBXBuildFile; fileRef = F9A10FB12D2F12D300962DFF /* TestInformationView.swift */; };
		F9A10FB42D2F12EB00962DFF /* TestQuestionView.swift in Sources */ = {isa = PBXBuildFile; fileRef = F9A10FB32D2F12E600962DFF /* TestQuestionView.swift */; };
		F9A10FB62D2F12F800962DFF /* TestTableView.swift in Sources */ = {isa = PBXBuildFile; fileRef = F9A10FB52D2F12F300962DFF /* TestTableView.swift */; };
		F9A10FB82D2F131A00962DFF /* TestPartIndicatorView.swift in Sources */ = {isa = PBXBuildFile; fileRef = F9A10FB72D2F131300962DFF /* TestPartIndicatorView.swift */; };
/* End PBXBuildFile section */

/* Begin PBXFileReference section */
		3171604B2D3EB26900AA8E0E /* WelcomeView.swift */ = {isa = PBXFileReference; lastKnownFileType = sourcecode.swift; path = WelcomeView.swift; sourceTree = "<group>"; };
		3196FE342D43D5620039775F /* DemographicsFinalView.swift */ = {isa = PBXFileReference; lastKnownFileType = sourcecode.swift; path = DemographicsFinalView.swift; sourceTree = "<group>"; };
		31F074A82D026F8000D0AA23 /* AudioPlayerViewModel.swift */ = {isa = PBXFileReference; lastKnownFileType = sourcecode.swift; path = AudioPlayerViewModel.swift; sourceTree = "<group>"; };
		31F074A92D026F8000D0AA23 /* MeditationAudioView.swift */ = {isa = PBXFileReference; lastKnownFileType = sourcecode.swift; path = MeditationAudioView.swift; sourceTree = "<group>"; };
		31F074AA2D026F8000D0AA23 /* MeditationStartView.swift */ = {isa = PBXFileReference; lastKnownFileType = sourcecode.swift; path = MeditationStartView.swift; sourceTree = "<group>"; };
		31F074B12D02758C00D0AA23 /* MeditationEndView.swift */ = {isa = PBXFileReference; lastKnownFileType = sourcecode.swift; path = MeditationEndView.swift; sourceTree = "<group>"; };
		31F074B32D03190400D0AA23 /* meditation_audio.mp3 */ = {isa = PBXFileReference; lastKnownFileType = audio.mp3; path = meditation_audio.mp3; sourceTree = "<group>"; };
		31F571C52D10550A005A0579 /* MeditationStrings.swift */ = {isa = PBXFileReference; lastKnownFileType = sourcecode.swift; path = MeditationStrings.swift; sourceTree = "<group>"; };
		31F571C72D10568E005A0579 /* MeditationCloudsView.swift */ = {isa = PBXFileReference; lastKnownFileType = sourcecode.swift; path = MeditationCloudsView.swift; sourceTree = "<group>"; };
		31FA10E02D3A8BFE00BA9C61 /* OnboardingView.swift */ = {isa = PBXFileReference; lastKnownFileType = sourcecode.swift; path = OnboardingView.swift; sourceTree = "<group>"; };
		8DD8CD122CFD0B010058CF4B /* IDP-lets-go.app */ = {isa = PBXFileReference; explicitFileType = wrapper.application; includeInIndex = 0; path = "IDP-lets-go.app"; sourceTree = BUILT_PRODUCTS_DIR; };
		8DD8CD152CFD0B010058CF4B /* IDP_lets_goApp.swift */ = {isa = PBXFileReference; lastKnownFileType = sourcecode.swift; path = IDP_lets_goApp.swift; sourceTree = "<group>"; };
		8DD8CD172CFD0B010058CF4B /* ContentView.swift */ = {isa = PBXFileReference; lastKnownFileType = sourcecode.swift; path = ContentView.swift; sourceTree = "<group>"; };
		8DD8CD192CFD0B030058CF4B /* Assets.xcassets */ = {isa = PBXFileReference; lastKnownFileType = folder.assetcatalog; path = Assets.xcassets; sourceTree = "<group>"; };
		8DD8CD1C2CFD0B030058CF4B /* Preview Assets.xcassets */ = {isa = PBXFileReference; lastKnownFileType = folder.assetcatalog; path = "Preview Assets.xcassets"; sourceTree = "<group>"; };
		8DD8CD242D1019C40058CF4B /* DemographicQuestionView.swift */ = {isa = PBXFileReference; lastKnownFileType = sourcecode.swift; path = DemographicQuestionView.swift; sourceTree = "<group>"; };
		8DD8CD292D101B9D0058CF4B /* Fonts.swift */ = {isa = PBXFileReference; lastKnownFileType = sourcecode.swift; path = Fonts.swift; sourceTree = "<group>"; };
		8DD8CD2C2D101D300058CF4B /* RoundedButtonStyle.swift */ = {isa = PBXFileReference; lastKnownFileType = sourcecode.swift; path = RoundedButtonStyle.swift; sourceTree = "<group>"; };
		8DD8CD2E2D101DD30058CF4B /* Colors.swift */ = {isa = PBXFileReference; lastKnownFileType = sourcecode.swift; path = Colors.swift; sourceTree = "<group>"; };
		8DD8CD312D1023030058CF4B /* Coordinator.swift */ = {isa = PBXFileReference; lastKnownFileType = sourcecode.swift; path = Coordinator.swift; sourceTree = "<group>"; };
		8DD8CD382D1027910058CF4B /* BirthdateQuestionView.swift */ = {isa = PBXFileReference; lastKnownFileType = sourcecode.swift; path = BirthdateQuestionView.swift; sourceTree = "<group>"; };
		8DD8CD3E2D117D050058CF4B /* StringPickerView.swift */ = {isa = PBXFileReference; lastKnownFileType = sourcecode.swift; path = StringPickerView.swift; sourceTree = "<group>"; };
		8DD8CD402D1184230058CF4B /* Constants.swift */ = {isa = PBXFileReference; lastKnownFileType = sourcecode.swift; path = Constants.swift; sourceTree = "<group>"; };
		8DD8CD442D1187E70058CF4B /* audio_cut.m4a */ = {isa = PBXFileReference; lastKnownFileType = file; path = audio_cut.m4a; sourceTree = "<group>"; };
		8DD8CD492D1C837F0058CF4B /* OverviewPageView.swift */ = {isa = PBXFileReference; lastKnownFileType = sourcecode.swift; path = OverviewPageView.swift; sourceTree = "<group>"; };
		8DD8CD4B2D1C8FF30058CF4B /* OverviewCardView.swift */ = {isa = PBXFileReference; lastKnownFileType = sourcecode.swift; path = OverviewCardView.swift; sourceTree = "<group>"; };
		8DD8CD4D2D1C91620058CF4B /* OverviewPageControlView.swift */ = {isa = PBXFileReference; lastKnownFileType = sourcecode.swift; path = OverviewPageControlView.swift; sourceTree = "<group>"; };
		8DD8CD512D1C98F10058CF4B /* Card.swift */ = {isa = PBXFileReference; lastKnownFileType = sourcecode.swift; path = Card.swift; sourceTree = "<group>"; };
		8DD8CD532D1C9A990058CF4B /* OverviewConstants.swift */ = {isa = PBXFileReference; lastKnownFileType = sourcecode.swift; path = OverviewConstants.swift; sourceTree = "<group>"; };
		8DD8CD562D1D904A0058CF4B /* ConsentView.swift */ = {isa = PBXFileReference; lastKnownFileType = sourcecode.swift; path = ConsentView.swift; sourceTree = "<group>"; };
		8DD8CD582D1D94450058CF4B /* Consent.swift */ = {isa = PBXFileReference; lastKnownFileType = sourcecode.swift; path = Consent.swift; sourceTree = "<group>"; };
		8DD8CD5A2D1D9A6D0058CF4B /* String.swift */ = {isa = PBXFileReference; lastKnownFileType = sourcecode.swift; path = String.swift; sourceTree = "<group>"; };
		8DD8CD792D35A16A0058CF4B /* Classes.swift */ = {isa = PBXFileReference; lastKnownFileType = sourcecode.swift; path = Classes.swift; sourceTree = "<group>"; };
		8DD8CD7B2D35A2D60058CF4B /* TestFields.swift */ = {isa = PBXFileReference; fileEncoding = 4; lastKnownFileType = sourcecode.swift; path = TestFields.swift; sourceTree = "<group>"; };
		8DD8CD7E2D35AB270058CF4B /* FinalView.swift */ = {isa = PBXFileReference; lastKnownFileType = sourcecode.swift; path = FinalView.swift; sourceTree = "<group>"; };
		8DD8CD802D380B480058CF4B /* TestModel.swift */ = {isa = PBXFileReference; lastKnownFileType = sourcecode.swift; path = TestModel.swift; sourceTree = "<group>"; };
		8DD8CD832D3AB6110058CF4B /* Requests.swift */ = {isa = PBXFileReference; lastKnownFileType = sourcecode.swift; path = Requests.swift; sourceTree = "<group>"; };
		8DD8CD852D3AB9900058CF4B /* User.swift */ = {isa = PBXFileReference; lastKnownFileType = sourcecode.swift; path = User.swift; sourceTree = "<group>"; };
		8DD8CD872D3ABC840058CF4B /* Date.swift */ = {isa = PBXFileReference; lastKnownFileType = sourcecode.swift; path = Date.swift; sourceTree = "<group>"; };
		8DD8CD8C2D4429BE0058CF4B /* UserStatus.swift */ = {isa = PBXFileReference; lastKnownFileType = sourcecode.swift; path = UserStatus.swift; sourceTree = "<group>"; };
		8DD8CD8E2D442A9A0058CF4B /* UserDefaultsManager.swift */ = {isa = PBXFileReference; lastKnownFileType = sourcecode.swift; path = UserDefaultsManager.swift; sourceTree = "<group>"; };
		8DD8CD902D442C0E0058CF4B /* UserStatusManager.swift */ = {isa = PBXFileReference; lastKnownFileType = sourcecode.swift; path = UserStatusManager.swift; sourceTree = "<group>"; };
		8DD8CD922D496DF90058CF4B /* Screen.swift */ = {isa = PBXFileReference; lastKnownFileType = sourcecode.swift; path = Screen.swift; sourceTree = "<group>"; };
		8DD8CD942D4FE8C30058CF4B /* DemographicsWrapperView.swift */ = {isa = PBXFileReference; lastKnownFileType = sourcecode.swift; path = DemographicsWrapperView.swift; sourceTree = "<group>"; };
		8DD8CD962D4FF9EE0058CF4B /* StepProgressView.swift */ = {isa = PBXFileReference; lastKnownFileType = sourcecode.swift; path = StepProgressView.swift; sourceTree = "<group>"; };
		8DD8CD982D53F63A0058CF4B /* Occupation.swift */ = {isa = PBXFileReference; lastKnownFileType = sourcecode.swift; path = Occupation.swift; sourceTree = "<group>"; };
		8DD8CD9A2D53F6EA0058CF4B /* Gender.swift */ = {isa = PBXFileReference; lastKnownFileType = sourcecode.swift; path = Gender.swift; sourceTree = "<group>"; };
		8DD8CD9C2D53F70B0058CF4B /* Education.swift */ = {isa = PBXFileReference; lastKnownFileType = sourcecode.swift; path = Education.swift; sourceTree = "<group>"; };
		8DD8CD9E2D53F71A0058CF4B /* Birthdate.swift */ = {isa = PBXFileReference; lastKnownFileType = sourcecode.swift; path = Birthdate.swift; sourceTree = "<group>"; };
		8DD8CDA02D53F7420058CF4B /* DemographicQuestion.swift */ = {isa = PBXFileReference; lastKnownFileType = sourcecode.swift; path = DemographicQuestion.swift; sourceTree = "<group>"; };
		8DD8CDA22D53F7FA0058CF4B /* Race.swift */ = {isa = PBXFileReference; lastKnownFileType = sourcecode.swift; path = Race.swift; sourceTree = "<group>"; };
		F9A10FB12D2F12D300962DFF /* TestInformationView.swift */ = {isa = PBXFileReference; lastKnownFileType = sourcecode.swift; path = TestInformationView.swift; sourceTree = "<group>"; };
		F9A10FB32D2F12E600962DFF /* TestQuestionView.swift */ = {isa = PBXFileReference; lastKnownFileType = sourcecode.swift; path = TestQuestionView.swift; sourceTree = "<group>"; };
		F9A10FB52D2F12F300962DFF /* TestTableView.swift */ = {isa = PBXFileReference; lastKnownFileType = sourcecode.swift; path = TestTableView.swift; sourceTree = "<group>"; };
		F9A10FB72D2F131300962DFF /* TestPartIndicatorView.swift */ = {isa = PBXFileReference; lastKnownFileType = sourcecode.swift; path = TestPartIndicatorView.swift; sourceTree = "<group>"; };
/* End PBXFileReference section */

/* Begin PBXFrameworksBuildPhase section */
		8DD8CD0F2CFD0B010058CF4B /* Frameworks */ = {
			isa = PBXFrameworksBuildPhase;
			buildActionMask = 2147483647;
			files = (
			);
			runOnlyForDeploymentPostprocessing = 0;
		};
/* End PBXFrameworksBuildPhase section */

/* Begin PBXGroup section */
		31F074AB2D026F8000D0AA23 /* Meditation */ = {
			isa = PBXGroup;
			children = (
				8DD8CD442D1187E70058CF4B /* audio_cut.m4a */,
				31F074A82D026F8000D0AA23 /* AudioPlayerViewModel.swift */,
				31F074A92D026F8000D0AA23 /* MeditationAudioView.swift */,
				31F074AA2D026F8000D0AA23 /* MeditationStartView.swift */,
				31F074B12D02758C00D0AA23 /* MeditationEndView.swift */,
				31F074B32D03190400D0AA23 /* meditation_audio.mp3 */,
				31F571C52D10550A005A0579 /* MeditationStrings.swift */,
				31F571C72D10568E005A0579 /* MeditationCloudsView.swift */,
			);
			path = Meditation;
			sourceTree = "<group>";
		};
		8DD8CD092CFD0B010058CF4B = {
			isa = PBXGroup;
			children = (
				8DD8CD142CFD0B010058CF4B /* IDP-lets-go */,
				8DD8CD132CFD0B010058CF4B /* Products */,
			);
			sourceTree = "<group>";
		};
		8DD8CD132CFD0B010058CF4B /* Products */ = {
			isa = PBXGroup;
			children = (
				8DD8CD122CFD0B010058CF4B /* IDP-lets-go.app */,
			);
			name = Products;
			sourceTree = "<group>";
		};
		8DD8CD142CFD0B010058CF4B /* IDP-lets-go */ = {
			isa = PBXGroup;
			children = (
				8DD8CD822D3AB5E30058CF4B /* Network */,
				F9A10FAE2D2F129D00962DFF /* Test */,
				8DD8CD552D1D90030058CF4B /* Consent */,
				8DD8CD482D1C836E0058CF4B /* Overview */,
				8DD8CD262D101B7F0058CF4B /* Common */,
				8DD8CD232D10192A0058CF4B /* Demographics */,
				31F074AB2D026F8000D0AA23 /* Meditation */,
				8DD8CD152CFD0B010058CF4B /* IDP_lets_goApp.swift */,
				8DD8CD172CFD0B010058CF4B /* ContentView.swift */,
				3171604B2D3EB26900AA8E0E /* WelcomeView.swift */,
				8DD8CD192CFD0B030058CF4B /* Assets.xcassets */,
				8DD8CD1B2CFD0B030058CF4B /* Preview Content */,
			);
			path = "IDP-lets-go";
			sourceTree = "<group>";
		};
		8DD8CD1B2CFD0B030058CF4B /* Preview Content */ = {
			isa = PBXGroup;
			children = (
				8DD8CD1C2CFD0B030058CF4B /* Preview Assets.xcassets */,
			);
			path = "Preview Content";
			sourceTree = "<group>";
		};
		8DD8CD232D10192A0058CF4B /* Demographics */ = {
			isa = PBXGroup;
			children = (
				8DD8CD332D1025E90058CF4B /* Common */,
				8DD8CD382D1027910058CF4B /* BirthdateQuestionView.swift */,
				8DD8CD3E2D117D050058CF4B /* StringPickerView.swift */,
				31FA10E02D3A8BFE00BA9C61 /* OnboardingView.swift */,
				3196FE342D43D5620039775F /* DemographicsFinalView.swift */,
				8DD8CD942D4FE8C30058CF4B /* DemographicsWrapperView.swift */,
			);
			path = Demographics;
			sourceTree = "<group>";
		};
		8DD8CD262D101B7F0058CF4B /* Common */ = {
			isa = PBXGroup;
			children = (
				8DD8CD302D1022F50058CF4B /* Models */,
				8DD8CD2B2D101D030058CF4B /* Views */,
				8DD8CD282D101B920058CF4B /* Extensions */,
			);
			path = Common;
			sourceTree = "<group>";
		};
		8DD8CD282D101B920058CF4B /* Extensions */ = {
			isa = PBXGroup;
			children = (
				8DD8CD292D101B9D0058CF4B /* Fonts.swift */,
				8DD8CD2E2D101DD30058CF4B /* Colors.swift */,
				8DD8CD5A2D1D9A6D0058CF4B /* String.swift */,
				8DD8CD872D3ABC840058CF4B /* Date.swift */,
			);
			path = Extensions;
			sourceTree = "<group>";
		};
		8DD8CD2B2D101D030058CF4B /* Views */ = {
			isa = PBXGroup;
			children = (
				8DD8CD2C2D101D300058CF4B /* RoundedButtonStyle.swift */,
				8DD8CD962D4FF9EE0058CF4B /* StepProgressView.swift */,
			);
			path = Views;
			sourceTree = "<group>";
		};
		8DD8CD302D1022F50058CF4B /* Models */ = {
			isa = PBXGroup;
			children = (
				8DD8CD312D1023030058CF4B /* Coordinator.swift */,
				8DD8CD402D1184230058CF4B /* Constants.swift */,
				8DD8CD852D3AB9900058CF4B /* User.swift */,
				8DD8CD8C2D4429BE0058CF4B /* UserStatus.swift */,
				8DD8CD8E2D442A9A0058CF4B /* UserDefaultsManager.swift */,
				8DD8CD902D442C0E0058CF4B /* UserStatusManager.swift */,
				8DD8CD922D496DF90058CF4B /* Screen.swift */,
				8DD8CD982D53F63A0058CF4B /* Occupation.swift */,
				8DD8CD9A2D53F6EA0058CF4B /* Gender.swift */,
				8DD8CD9C2D53F70B0058CF4B /* Education.swift */,
				8DD8CD9E2D53F71A0058CF4B /* Birthdate.swift */,
				8DD8CDA02D53F7420058CF4B /* DemographicQuestion.swift */,
				8DD8CDA22D53F7FA0058CF4B /* Race.swift */,
			);
			path = Models;
			sourceTree = "<group>";
		};
		8DD8CD332D1025E90058CF4B /* Common */ = {
			isa = PBXGroup;
			children = (
				8DD8CD242D1019C40058CF4B /* DemographicQuestionView.swift */,
			);
			path = Common;
			sourceTree = "<group>";
		};
		8DD8CD482D1C836E0058CF4B /* Overview */ = {
			isa = PBXGroup;
			children = (
				8DD8CD4F2D1C98D30058CF4B /* Models */,
				8DD8CD492D1C837F0058CF4B /* OverviewPageView.swift */,
				8DD8CD4B2D1C8FF30058CF4B /* OverviewCardView.swift */,
				8DD8CD4D2D1C91620058CF4B /* OverviewPageControlView.swift */,
			);
			path = Overview;
			sourceTree = "<group>";
		};
		8DD8CD4F2D1C98D30058CF4B /* Models */ = {
			isa = PBXGroup;
			children = (
				8DD8CD512D1C98F10058CF4B /* Card.swift */,
				8DD8CD532D1C9A990058CF4B /* OverviewConstants.swift */,
			);
			path = Models;
			sourceTree = "<group>";
		};
		8DD8CD552D1D90030058CF4B /* Consent */ = {
			isa = PBXGroup;
			children = (
				8DD8CD562D1D904A0058CF4B /* ConsentView.swift */,
				8DD8CD582D1D94450058CF4B /* Consent.swift */,
			);
			path = Consent;
			sourceTree = "<group>";
		};
		8DD8CD7C2D35A2D60058CF4B /* Common */ = {
			isa = PBXGroup;
			children = (
				8DD8CD7B2D35A2D60058CF4B /* TestFields.swift */,
			);
			path = Common;
			sourceTree = "<group>";
		};
		8DD8CD822D3AB5E30058CF4B /* Network */ = {
			isa = PBXGroup;
			children = (
				8DD8CD832D3AB6110058CF4B /* Requests.swift */,
			);
			path = Network;
			sourceTree = "<group>";
		};
		F9A10FAE2D2F129D00962DFF /* Test */ = {
			isa = PBXGroup;
			children = (
				8DD8CD7C2D35A2D60058CF4B /* Common */,
				F9A10FB72D2F131300962DFF /* TestPartIndicatorView.swift */,
				F9A10FB52D2F12F300962DFF /* TestTableView.swift */,
				F9A10FB32D2F12E600962DFF /* TestQuestionView.swift */,
				F9A10FB12D2F12D300962DFF /* TestInformationView.swift */,
				8DD8CD792D35A16A0058CF4B /* Classes.swift */,
				8DD8CD7E2D35AB270058CF4B /* FinalView.swift */,
				8DD8CD802D380B480058CF4B /* TestModel.swift */,
			);
			path = Test;
			sourceTree = "<group>";
		};
/* End PBXGroup section */

/* Begin PBXNativeTarget section */
		8DD8CD112CFD0B010058CF4B /* IDP-lets-go */ = {
			isa = PBXNativeTarget;
			buildConfigurationList = 8DD8CD202CFD0B030058CF4B /* Build configuration list for PBXNativeTarget "IDP-lets-go" */;
			buildPhases = (
				8DD8CD0E2CFD0B010058CF4B /* Sources */,
				8DD8CD0F2CFD0B010058CF4B /* Frameworks */,
				8DD8CD102CFD0B010058CF4B /* Resources */,
			);
			buildRules = (
			);
			dependencies = (
			);
			name = "IDP-lets-go";
			productName = "IDP-lets-go";
			productReference = 8DD8CD122CFD0B010058CF4B /* IDP-lets-go.app */;
			productType = "com.apple.product-type.application";
		};
/* End PBXNativeTarget section */

/* Begin PBXProject section */
		8DD8CD0A2CFD0B010058CF4B /* Project object */ = {
			isa = PBXProject;
			attributes = {
				BuildIndependentTargetsInParallel = 1;
				LastSwiftUpdateCheck = 1530;
				LastUpgradeCheck = 1530;
				TargetAttributes = {
					8DD8CD112CFD0B010058CF4B = {
						CreatedOnToolsVersion = 15.3;
					};
				};
			};
			buildConfigurationList = 8DD8CD0D2CFD0B010058CF4B /* Build configuration list for PBXProject "IDP-lets-go" */;
			compatibilityVersion = "Xcode 14.0";
			developmentRegion = en;
			hasScannedForEncodings = 0;
			knownRegions = (
				en,
				Base,
			);
			mainGroup = 8DD8CD092CFD0B010058CF4B;
			productRefGroup = 8DD8CD132CFD0B010058CF4B /* Products */;
			projectDirPath = "";
			projectRoot = "";
			targets = (
				8DD8CD112CFD0B010058CF4B /* IDP-lets-go */,
			);
		};
/* End PBXProject section */

/* Begin PBXResourcesBuildPhase section */
		8DD8CD102CFD0B010058CF4B /* Resources */ = {
			isa = PBXResourcesBuildPhase;
			buildActionMask = 2147483647;
			files = (
				8DD8CD1D2CFD0B030058CF4B /* Preview Assets.xcassets in Resources */,
				31F074B42D03190400D0AA23 /* meditation_audio.mp3 in Resources */,
				8DD8CD452D1187E70058CF4B /* audio_cut.m4a in Resources */,
				8DD8CD1A2CFD0B030058CF4B /* Assets.xcassets in Resources */,
			);
			runOnlyForDeploymentPostprocessing = 0;
		};
/* End PBXResourcesBuildPhase section */

/* Begin PBXSourcesBuildPhase section */
		8DD8CD0E2CFD0B010058CF4B /* Sources */ = {
			isa = PBXSourcesBuildPhase;
			buildActionMask = 2147483647;
			files = (
				8DD8CD592D1D94450058CF4B /* Consent.swift in Sources */,
				8DD8CD542D1C9A990058CF4B /* OverviewConstants.swift in Sources */,
				8DD8CD812D380B480058CF4B /* TestModel.swift in Sources */,
				8DD8CD2A2D101B9D0058CF4B /* Fonts.swift in Sources */,
				8DD8CDA32D53F7FA0058CF4B /* Race.swift in Sources */,
				8DD8CD912D442C0E0058CF4B /* UserStatusManager.swift in Sources */,
				8DD8CD932D496DF90058CF4B /* Screen.swift in Sources */,
				8DD8CD412D1184230058CF4B /* Constants.swift in Sources */,
				F9A10FB82D2F131A00962DFF /* TestPartIndicatorView.swift in Sources */,
				8DD8CD2F2D101DD30058CF4B /* Colors.swift in Sources */,
				8DD8CD3F2D117D050058CF4B /* StringPickerView.swift in Sources */,
				31F571C82D10568E005A0579 /* MeditationCloudsView.swift in Sources */,
				8DD8CD4E2D1C91620058CF4B /* OverviewPageControlView.swift in Sources */,
				8DD8CD9B2D53F6EA0058CF4B /* Gender.swift in Sources */,
				31F074AD2D026F8000D0AA23 /* MeditationStartView.swift in Sources */,
				8DD8CDA12D53F7420058CF4B /* DemographicQuestion.swift in Sources */,
				31F074AE2D026F8000D0AA23 /* MeditationAudioView.swift in Sources */,
				8DD8CD572D1D904A0058CF4B /* ConsentView.swift in Sources */,
				3196FE352D43D5620039775F /* DemographicsFinalView.swift in Sources */,
				8DD8CD9F2D53F71A0058CF4B /* Birthdate.swift in Sources */,
				8DD8CD252D1019C40058CF4B /* DemographicQuestionView.swift in Sources */,
				31F074AF2D026F8000D0AA23 /* AudioPlayerViewModel.swift in Sources */,
				8DD8CD972D4FF9EE0058CF4B /* StepProgressView.swift in Sources */,
				8DD8CD7D2D35A2D60058CF4B /* TestFields.swift in Sources */,
				8DD8CD862D3AB9900058CF4B /* User.swift in Sources */,
				F9A10FB42D2F12EB00962DFF /* TestQuestionView.swift in Sources */,
				8DD8CD322D1023030058CF4B /* Coordinator.swift in Sources */,
				8DD8CD392D1027910058CF4B /* BirthdateQuestionView.swift in Sources */,
				8DD8CD842D3AB6110058CF4B /* Requests.swift in Sources */,
				8DD8CD7F2D35AB270058CF4B /* FinalView.swift in Sources */,
				8DD8CD8F2D442A9A0058CF4B /* UserDefaultsManager.swift in Sources */,
				8DD8CD2D2D101D300058CF4B /* RoundedButtonStyle.swift in Sources */,
				F9A10FB22D2F12D800962DFF /* TestInformationView.swift in Sources */,
				8DD8CD5B2D1D9A6D0058CF4B /* String.swift in Sources */,
				8DD8CD8D2D4429BE0058CF4B /* UserStatus.swift in Sources */,
				31FA10E12D3A8BFE00BA9C61 /* OnboardingView.swift in Sources */,
				8DD8CD4A2D1C837F0058CF4B /* OverviewPageView.swift in Sources */,
				8DD8CD992D53F63A0058CF4B /* Occupation.swift in Sources */,
				F9A10FB62D2F12F800962DFF /* TestTableView.swift in Sources */,
				8DD8CD182CFD0B010058CF4B /* ContentView.swift in Sources */,
				8DD8CD952D4FE8C30058CF4B /* DemographicsWrapperView.swift in Sources */,
				8DD8CD522D1C98F10058CF4B /* Card.swift in Sources */,
				8DD8CD4C2D1C8FF30058CF4B /* OverviewCardView.swift in Sources */,
				8DD8CD7A2D35A16A0058CF4B /* Classes.swift in Sources */,
				8DD8CD9D2D53F70B0058CF4B /* Education.swift in Sources */,
				31F074B22D02758C00D0AA23 /* MeditationEndView.swift in Sources */,
				8DD8CD162CFD0B010058CF4B /* IDP_lets_goApp.swift in Sources */,
				8DD8CD882D3ABC840058CF4B /* Date.swift in Sources */,
				31F571C62D10550A005A0579 /* MeditationStrings.swift in Sources */,
				3171604C2D3EB26900AA8E0E /* WelcomeView.swift in Sources */,
			);
			runOnlyForDeploymentPostprocessing = 0;
		};
/* End PBXSourcesBuildPhase section */

/* Begin XCBuildConfiguration section */
		8DD8CD1E2CFD0B030058CF4B /* Debug */ = {
			isa = XCBuildConfiguration;
			buildSettings = {
				ALWAYS_SEARCH_USER_PATHS = NO;
				ASSETCATALOG_COMPILER_GENERATE_SWIFT_ASSET_SYMBOL_EXTENSIONS = YES;
				CLANG_ANALYZER_NONNULL = YES;
				CLANG_ANALYZER_NUMBER_OBJECT_CONVERSION = YES_AGGRESSIVE;
				CLANG_CXX_LANGUAGE_STANDARD = "gnu++20";
				CLANG_ENABLE_MODULES = YES;
				CLANG_ENABLE_OBJC_ARC = YES;
				CLANG_ENABLE_OBJC_WEAK = YES;
				CLANG_WARN_BLOCK_CAPTURE_AUTORELEASING = YES;
				CLANG_WARN_BOOL_CONVERSION = YES;
				CLANG_WARN_COMMA = YES;
				CLANG_WARN_CONSTANT_CONVERSION = YES;
				CLANG_WARN_DEPRECATED_OBJC_IMPLEMENTATIONS = YES;
				CLANG_WARN_DIRECT_OBJC_ISA_USAGE = YES_ERROR;
				CLANG_WARN_DOCUMENTATION_COMMENTS = YES;
				CLANG_WARN_EMPTY_BODY = YES;
				CLANG_WARN_ENUM_CONVERSION = YES;
				CLANG_WARN_INFINITE_RECURSION = YES;
				CLANG_WARN_INT_CONVERSION = YES;
				CLANG_WARN_NON_LITERAL_NULL_CONVERSION = YES;
				CLANG_WARN_OBJC_IMPLICIT_RETAIN_SELF = YES;
				CLANG_WARN_OBJC_LITERAL_CONVERSION = YES;
				CLANG_WARN_OBJC_ROOT_CLASS = YES_ERROR;
				CLANG_WARN_QUOTED_INCLUDE_IN_FRAMEWORK_HEADER = YES;
				CLANG_WARN_RANGE_LOOP_ANALYSIS = YES;
				CLANG_WARN_STRICT_PROTOTYPES = YES;
				CLANG_WARN_SUSPICIOUS_MOVE = YES;
				CLANG_WARN_UNGUARDED_AVAILABILITY = YES_AGGRESSIVE;
				CLANG_WARN_UNREACHABLE_CODE = YES;
				CLANG_WARN__DUPLICATE_METHOD_MATCH = YES;
				COPY_PHASE_STRIP = NO;
				DEBUG_INFORMATION_FORMAT = dwarf;
				ENABLE_STRICT_OBJC_MSGSEND = YES;
				ENABLE_TESTABILITY = YES;
				ENABLE_USER_SCRIPT_SANDBOXING = YES;
				GCC_C_LANGUAGE_STANDARD = gnu17;
				GCC_DYNAMIC_NO_PIC = NO;
				GCC_NO_COMMON_BLOCKS = YES;
				GCC_OPTIMIZATION_LEVEL = 0;
				GCC_PREPROCESSOR_DEFINITIONS = (
					"DEBUG=1",
					"$(inherited)",
				);
				GCC_WARN_64_TO_32_BIT_CONVERSION = YES;
				GCC_WARN_ABOUT_RETURN_TYPE = YES_ERROR;
				GCC_WARN_UNDECLARED_SELECTOR = YES;
				GCC_WARN_UNINITIALIZED_AUTOS = YES_AGGRESSIVE;
				GCC_WARN_UNUSED_FUNCTION = YES;
				GCC_WARN_UNUSED_VARIABLE = YES;
				IPHONEOS_DEPLOYMENT_TARGET = 17.4;
				LOCALIZATION_PREFERS_STRING_CATALOGS = YES;
				MTL_ENABLE_DEBUG_INFO = INCLUDE_SOURCE;
				MTL_FAST_MATH = YES;
				ONLY_ACTIVE_ARCH = YES;
				SDKROOT = iphoneos;
				SWIFT_ACTIVE_COMPILATION_CONDITIONS = "DEBUG $(inherited)";
				SWIFT_OPTIMIZATION_LEVEL = "-Onone";
			};
			name = Debug;
		};
		8DD8CD1F2CFD0B030058CF4B /* Release */ = {
			isa = XCBuildConfiguration;
			buildSettings = {
				ALWAYS_SEARCH_USER_PATHS = NO;
				ASSETCATALOG_COMPILER_GENERATE_SWIFT_ASSET_SYMBOL_EXTENSIONS = YES;
				CLANG_ANALYZER_NONNULL = YES;
				CLANG_ANALYZER_NUMBER_OBJECT_CONVERSION = YES_AGGRESSIVE;
				CLANG_CXX_LANGUAGE_STANDARD = "gnu++20";
				CLANG_ENABLE_MODULES = YES;
				CLANG_ENABLE_OBJC_ARC = YES;
				CLANG_ENABLE_OBJC_WEAK = YES;
				CLANG_WARN_BLOCK_CAPTURE_AUTORELEASING = YES;
				CLANG_WARN_BOOL_CONVERSION = YES;
				CLANG_WARN_COMMA = YES;
				CLANG_WARN_CONSTANT_CONVERSION = YES;
				CLANG_WARN_DEPRECATED_OBJC_IMPLEMENTATIONS = YES;
				CLANG_WARN_DIRECT_OBJC_ISA_USAGE = YES_ERROR;
				CLANG_WARN_DOCUMENTATION_COMMENTS = YES;
				CLANG_WARN_EMPTY_BODY = YES;
				CLANG_WARN_ENUM_CONVERSION = YES;
				CLANG_WARN_INFINITE_RECURSION = YES;
				CLANG_WARN_INT_CONVERSION = YES;
				CLANG_WARN_NON_LITERAL_NULL_CONVERSION = YES;
				CLANG_WARN_OBJC_IMPLICIT_RETAIN_SELF = YES;
				CLANG_WARN_OBJC_LITERAL_CONVERSION = YES;
				CLANG_WARN_OBJC_ROOT_CLASS = YES_ERROR;
				CLANG_WARN_QUOTED_INCLUDE_IN_FRAMEWORK_HEADER = YES;
				CLANG_WARN_RANGE_LOOP_ANALYSIS = YES;
				CLANG_WARN_STRICT_PROTOTYPES = YES;
				CLANG_WARN_SUSPICIOUS_MOVE = YES;
				CLANG_WARN_UNGUARDED_AVAILABILITY = YES_AGGRESSIVE;
				CLANG_WARN_UNREACHABLE_CODE = YES;
				CLANG_WARN__DUPLICATE_METHOD_MATCH = YES;
				COPY_PHASE_STRIP = NO;
				DEBUG_INFORMATION_FORMAT = "dwarf-with-dsym";
				ENABLE_NS_ASSERTIONS = NO;
				ENABLE_STRICT_OBJC_MSGSEND = YES;
				ENABLE_USER_SCRIPT_SANDBOXING = YES;
				GCC_C_LANGUAGE_STANDARD = gnu17;
				GCC_NO_COMMON_BLOCKS = YES;
				GCC_WARN_64_TO_32_BIT_CONVERSION = YES;
				GCC_WARN_ABOUT_RETURN_TYPE = YES_ERROR;
				GCC_WARN_UNDECLARED_SELECTOR = YES;
				GCC_WARN_UNINITIALIZED_AUTOS = YES_AGGRESSIVE;
				GCC_WARN_UNUSED_FUNCTION = YES;
				GCC_WARN_UNUSED_VARIABLE = YES;
				IPHONEOS_DEPLOYMENT_TARGET = 17.4;
				LOCALIZATION_PREFERS_STRING_CATALOGS = YES;
				MTL_ENABLE_DEBUG_INFO = NO;
				MTL_FAST_MATH = YES;
				SDKROOT = iphoneos;
				SWIFT_COMPILATION_MODE = wholemodule;
				VALIDATE_PRODUCT = YES;
			};
			name = Release;
		};
		8DD8CD212CFD0B030058CF4B /* Debug */ = {
			isa = XCBuildConfiguration;
			buildSettings = {
				ASSETCATALOG_COMPILER_APPICON_NAME = AppIcon;
				ASSETCATALOG_COMPILER_GLOBAL_ACCENT_COLOR_NAME = AccentColor;
				CODE_SIGN_STYLE = Automatic;
				CURRENT_PROJECT_VERSION = 1;
				DEVELOPMENT_ASSET_PATHS = "\"IDP-lets-go/Preview Content\"";
				ENABLE_PREVIEWS = YES;
				GENERATE_INFOPLIST_FILE = YES;
				INFOPLIST_KEY_UIApplicationSceneManifest_Generation = YES;
				INFOPLIST_KEY_UIApplicationSupportsIndirectInputEvents = YES;
				INFOPLIST_KEY_UILaunchScreen_Generation = YES;
				INFOPLIST_KEY_UISupportedInterfaceOrientations_iPad = "UIInterfaceOrientationPortrait UIInterfaceOrientationPortraitUpsideDown UIInterfaceOrientationLandscapeLeft UIInterfaceOrientationLandscapeRight";
				INFOPLIST_KEY_UISupportedInterfaceOrientations_iPhone = "UIInterfaceOrientationPortrait UIInterfaceOrientationLandscapeLeft UIInterfaceOrientationLandscapeRight";
				LD_RUNPATH_SEARCH_PATHS = (
					"$(inherited)",
					"@executable_path/Frameworks",
				);
				MARKETING_VERSION = 1.0;
				PRODUCT_BUNDLE_IDENTIFIER = "lauracorssac.IDP-lets-go";
				PRODUCT_NAME = "$(TARGET_NAME)";
				SWIFT_EMIT_LOC_STRINGS = YES;
				SWIFT_VERSION = 5.0;
				TARGETED_DEVICE_FAMILY = "1,2";
			};
			name = Debug;
		};
		8DD8CD222CFD0B030058CF4B /* Release */ = {
			isa = XCBuildConfiguration;
			buildSettings = {
				ASSETCATALOG_COMPILER_APPICON_NAME = AppIcon;
				ASSETCATALOG_COMPILER_GLOBAL_ACCENT_COLOR_NAME = AccentColor;
				CODE_SIGN_STYLE = Automatic;
				CURRENT_PROJECT_VERSION = 1;
				DEVELOPMENT_ASSET_PATHS = "\"IDP-lets-go/Preview Content\"";
				ENABLE_PREVIEWS = YES;
				GENERATE_INFOPLIST_FILE = YES;
				INFOPLIST_KEY_UIApplicationSceneManifest_Generation = YES;
				INFOPLIST_KEY_UIApplicationSupportsIndirectInputEvents = YES;
				INFOPLIST_KEY_UILaunchScreen_Generation = YES;
				INFOPLIST_KEY_UISupportedInterfaceOrientations_iPad = "UIInterfaceOrientationPortrait UIInterfaceOrientationPortraitUpsideDown UIInterfaceOrientationLandscapeLeft UIInterfaceOrientationLandscapeRight";
				INFOPLIST_KEY_UISupportedInterfaceOrientations_iPhone = "UIInterfaceOrientationPortrait UIInterfaceOrientationLandscapeLeft UIInterfaceOrientationLandscapeRight";
				LD_RUNPATH_SEARCH_PATHS = (
					"$(inherited)",
					"@executable_path/Frameworks",
				);
				MARKETING_VERSION = 1.0;
				PRODUCT_BUNDLE_IDENTIFIER = "lauracorssac.IDP-lets-go";
				PRODUCT_NAME = "$(TARGET_NAME)";
				SWIFT_EMIT_LOC_STRINGS = YES;
				SWIFT_VERSION = 5.0;
				TARGETED_DEVICE_FAMILY = "1,2";
			};
			name = Release;
		};
/* End XCBuildConfiguration section */

/* Begin XCConfigurationList section */
		8DD8CD0D2CFD0B010058CF4B /* Build configuration list for PBXProject "IDP-lets-go" */ = {
			isa = XCConfigurationList;
			buildConfigurations = (
				8DD8CD1E2CFD0B030058CF4B /* Debug */,
				8DD8CD1F2CFD0B030058CF4B /* Release */,
			);
			defaultConfigurationIsVisible = 0;
			defaultConfigurationName = Release;
		};
		8DD8CD202CFD0B030058CF4B /* Build configuration list for PBXNativeTarget "IDP-lets-go" */ = {
			isa = XCConfigurationList;
			buildConfigurations = (
				8DD8CD212CFD0B030058CF4B /* Debug */,
				8DD8CD222CFD0B030058CF4B /* Release */,
			);
			defaultConfigurationIsVisible = 0;
			defaultConfigurationName = Release;
		};
/* End XCConfigurationList section */
	};
	rootObject = 8DD8CD0A2CFD0B010058CF4B /* Project object */;
}
